
Microsoft Visual Studio Solution File, Format Version 12.00
# Visual Studio 2012
Project("{FAE04EC0-301F-11D3-BF4B-00C04F79EFBC}") = "AWS.Windows", "AWS.Windows\AWS.Windows.csproj", "{6E8BC1B2-8B7F-443B-A52B-D0C6163E0A86}"
EndProject
Project("{FAE04EC0-301F-11D3-BF4B-00C04F79EFBC}") = "AWS.WindowsStore", "AWS.WindowsStore\AWS.WindowsStore.csproj", "{E4FE0705-03BF-4592-B1B9-52B9149C2E26}"
EndProject
Project("{FAE04EC0-301F-11D3-BF4B-00C04F79EFBC}") = "AWS.WindowsPhone", "AWS.WindowsPhone\AWS.WindowsPhone.csproj", "{31B8A470-081A-4D92-A240-76E1CC1388EC}"
EndProject
Project("{2150E333-8FDC-42A3-9474-1A3956D46DE8}") = ".nuget", ".nuget", "{6742316A-3E2A-4EB3-9BBF-725F332B3872}"
	ProjectSection(SolutionItems) = preProject
		.nuget\NuGet.Config = .nuget\NuGet.Config
		.nuget\NuGet.exe = .nuget\NuGet.exe
		.nuget\NuGet.targets = .nuget\NuGet.targets
	EndProjectSection
EndProject
Global
	GlobalSection(SolutionConfigurationPlatforms) = preSolution
		Debug|Any CPU = Debug|Any CPU
		Debug|ARM = Debug|ARM
		Debug|x64 = Debug|x64
		Debug|x86 = Debug|x86
		Release|Any CPU = Release|Any CPU
		Release|ARM = Release|ARM
		Release|x64 = Release|x64
		Release|x86 = Release|x86
	EndGlobalSection
	GlobalSection(ProjectConfigurationPlatforms) = postSolution
		{6E8BC1B2-8B7F-443B-A52B-D0C6163E0A86}.Debug|Any CPU.ActiveCfg = Debug|Any CPU
		{6E8BC1B2-8B7F-443B-A52B-D0C6163E0A86}.Debug|Any CPU.Build.0 = Debug|Any CPU
		{6E8BC1B2-8B7F-443B-A52B-D0C6163E0A86}.Debug|ARM.ActiveCfg = Debug|Any CPU
		{6E8BC1B2-8B7F-443B-A52B-D0C6163E0A86}.Debug|x64.ActiveCfg = Debug|Any CPU
		{6E8BC1B2-8B7F-443B-A52B-D0C6163E0A86}.Debug|x86.ActiveCfg = Debug|Any CPU
		{6E8BC1B2-8B7F-443B-A52B-D0C6163E0A86}.Release|Any CPU.ActiveCfg = Release|Any CPU
		{6E8BC1B2-8B7F-443B-A52B-D0C6163E0A86}.Release|Any CPU.Build.0 = Release|Any CPU
		{6E8BC1B2-8B7F-443B-A52B-D0C6163E0A86}.Release|ARM.ActiveCfg = Release|Any CPU
		{6E8BC1B2-8B7F-443B-A52B-D0C6163E0A86}.Release|x64.ActiveCfg = Release|Any CPU
		{6E8BC1B2-8B7F-443B-A52B-D0C6163E0A86}.Release|x86.ActiveCfg = Release|Any CPU
		{E4FE0705-03BF-4592-B1B9-52B9149C2E26}.Debug|Any CPU.ActiveCfg = Debug|Any CPU
		{E4FE0705-03BF-4592-B1B9-52B9149C2E26}.Debug|Any CPU.Build.0 = Debug|Any CPU
		{E4FE0705-03BF-4592-B1B9-52B9149C2E26}.Debug|ARM.ActiveCfg = Debug|ARM
		{E4FE0705-03BF-4592-B1B9-52B9149C2E26}.Debug|ARM.Build.0 = Debug|ARM
		{E4FE0705-03BF-4592-B1B9-52B9149C2E26}.Debug|x64.ActiveCfg = Debug|x64
		{E4FE0705-03BF-4592-B1B9-52B9149C2E26}.Debug|x64.Build.0 = Debug|x64
		{E4FE0705-03BF-4592-B1B9-52B9149C2E26}.Debug|x86.ActiveCfg = Debug|x86
		{E4FE0705-03BF-4592-B1B9-52B9149C2E26}.Debug|x86.Build.0 = Debug|x86
		{E4FE0705-03BF-4592-B1B9-52B9149C2E26}.Release|Any CPU.ActiveCfg = Release|Any CPU
		{E4FE0705-03BF-4592-B1B9-52B9149C2E26}.Release|Any CPU.Build.0 = Release|Any CPU
		{E4FE0705-03BF-4592-B1B9-52B9149C2E26}.Release|ARM.ActiveCfg = Release|ARM
		{E4FE0705-03BF-4592-B1B9-52B9149C2E26}.Release|ARM.Build.0 = Release|ARM
		{E4FE0705-03BF-4592-B1B9-52B9149C2E26}.Release|x64.ActiveCfg = Release|x64
		{E4FE0705-03BF-4592-B1B9-52B9149C2E26}.Release|x64.Build.0 = Release|x64
		{E4FE0705-03BF-4592-B1B9-52B9149C2E26}.Release|x86.ActiveCfg = Release|x86
		{E4FE0705-03BF-4592-B1B9-52B9149C2E26}.Release|x86.Build.0 = Release|x86
		{31B8A470-081A-4D92-A240-76E1CC1388EC}.Debug|Any CPU.ActiveCfg = Debug|Any CPU
		{31B8A470-081A-4D92-A240-76E1CC1388EC}.Debug|Any CPU.Build.0 = Debug|Any CPU
		{31B8A470-081A-4D92-A240-76E1CC1388EC}.Debug|ARM.ActiveCfg = Debug|ARM
		{31B8A470-081A-4D92-A240-76E1CC1388EC}.Debug|ARM.Build.0 = Debug|ARM
		{31B8A470-081A-4D92-A240-76E1CC1388EC}.Debug|x64.ActiveCfg = Debug|Any CPU
		{31B8A470-081A-4D92-A240-76E1CC1388EC}.Debug|x86.ActiveCfg = Debug|x86
		{31B8A470-081A-4D92-A240-76E1CC1388EC}.Debug|x86.Build.0 = Debug|x86
		{31B8A470-081A-4D92-A240-76E1CC1388EC}.Release|Any CPU.ActiveCfg = Release|Any CPU
		{31B8A470-081A-4D92-A240-76E1CC1388EC}.Release|Any CPU.Build.0 = Release|Any CPU
		{31B8A470-081A-4D92-A240-76E1CC1388EC}.Release|ARM.ActiveCfg = Release|ARM
		{31B8A470-081A-4D92-A240-76E1CC1388EC}.Release|ARM.Build.0 = Release|ARM
		{31B8A470-081A-4D92-A240-76E1CC1388EC}.Release|x64.ActiveCfg = Release|Any CPU
		{31B8A470-081A-4D92-A240-76E1CC1388EC}.Release|x86.ActiveCfg = Release|x86
		{31B8A470-081A-4D92-A240-76E1CC1388EC}.Release|x86.Build.0 = Release|x86
	EndGlobalSection
	GlobalSection(SolutionProperties) = preSolution
		HideSolutionNode = FALSE
	EndGlobalSection
EndGlobal
