
Microsoft Visual Studio Solution File, Format Version 12.00
# Visual Studio 2012
Project("{FAE04EC0-301F-11D3-BF4B-00C04F79EFBC}") = "AWS.Library", "AWS.Library\AWS.Library.csproj", "{D02420FE-73F6-4BBB-BE2C-41668E9AB553}"
EndProject
Project("{FAE04EC0-301F-11D3-BF4B-00C04F79EFBC}") = "AWS.Test.Library", "AWS.Test.Library\AWS.Test.Library.csproj", "{4F613060-20BA-4B6E-B6D6-E997F3CCD6DE}"
EndProject
Project("{FAE04EC0-301F-11D3-BF4B-00C04F79EFBC}") = "AWS.Test.Console", "AWS.Test.Console\AWS.Test.Console.csproj", "{9593B252-C269-424C-A885-F62D22192239}"
EndProject
Global
	GlobalSection(SolutionConfigurationPlatforms) = preSolution
		Debug|Any CPU = Debug|Any CPU
		Release|Any CPU = Release|Any CPU
	EndGlobalSection
	GlobalSection(ProjectConfigurationPlatforms) = postSolution
		{4F613060-20BA-4B6E-B6D6-E997F3CCD6DE}.Debug|Any CPU.ActiveCfg = Debug|Any CPU
		{4F613060-20BA-4B6E-B6D6-E997F3CCD6DE}.Debug|Any CPU.Build.0 = Debug|Any CPU
		{4F613060-20BA-4B6E-B6D6-E997F3CCD6DE}.Release|Any CPU.ActiveCfg = Release|Any CPU
		{4F613060-20BA-4B6E-B6D6-E997F3CCD6DE}.Release|Any CPU.Build.0 = Release|Any CPU
		{9593B252-C269-424C-A885-F62D22192239}.Debug|Any CPU.ActiveCfg = Debug|Any CPU
		{9593B252-C269-424C-A885-F62D22192239}.Debug|Any CPU.Build.0 = Debug|Any CPU
		{9593B252-C269-424C-A885-F62D22192239}.Release|Any CPU.ActiveCfg = Release|Any CPU
		{9593B252-C269-424C-A885-F62D22192239}.Release|Any CPU.Build.0 = Release|Any CPU
		{D02420FE-73F6-4BBB-BE2C-41668E9AB553}.Debug|Any CPU.ActiveCfg = Debug|Any CPU
		{D02420FE-73F6-4BBB-BE2C-41668E9AB553}.Debug|Any CPU.Build.0 = Debug|Any CPU
		{D02420FE-73F6-4BBB-BE2C-41668E9AB553}.Release|Any CPU.ActiveCfg = Release|Any CPU
		{D02420FE-73F6-4BBB-BE2C-41668E9AB553}.Release|Any CPU.Build.0 = Release|Any CPU
	EndGlobalSection
	GlobalSection(MonoDevelopProperties) = preSolution
		StartupItem = AWS.Test.Console\AWS.Test.Console.csproj
	EndGlobalSection
	GlobalSection(SolutionProperties) = preSolution
		HideSolutionNode = FALSE
	EndGlobalSection
EndGlobal
